// !$*UTF8*$!
{
	archiveVersion = 1;
	classes = {
	};
	objectVersion = 50;
	objects = {

/* Begin PBXBuildFile section */
		345EB41F20AD307A0035E733 /* AppDelegate.m in Sources */ = {isa = PBXBuildFile; fileRef = 345EB41E20AD307A0035E733 /* AppDelegate.m */; };
		345EB42220AD307A0035E733 /* ViewController.m in Sources */ = {isa = PBXBuildFile; fileRef = 345EB42120AD307A0035E733 /* ViewController.m */; };
		345EB42520AD307A0035E733 /* Main.storyboard in Resources */ = {isa = PBXBuildFile; fileRef = 345EB42320AD307A0035E733 /* Main.storyboard */; };
		345EB42720AD30840035E733 /* Assets.xcassets in Resources */ = {isa = PBXBuildFile; fileRef = 345EB42620AD30840035E733 /* Assets.xcassets */; };
		345EB42A20AD30840035E733 /* LaunchScreen.storyboard in Resources */ = {isa = PBXBuildFile; fileRef = 345EB42820AD30840035E733 /* LaunchScreen.storyboard */; };
		345EB42D20AD30840035E733 /* main.m in Sources */ = {isa = PBXBuildFile; fileRef = 345EB42C20AD30840035E733 /* main.m */; };
		345EB43720AD30880035E733 /* iOSPrinciple_weakTests.m in Sources */ = {isa = PBXBuildFile; fileRef = 345EB43620AD30880035E733 /* iOSPrinciple_weakTests.m */; };
		345EB44220AD30880035E733 /* iOSPrinciple_weakUITests.m in Sources */ = {isa = PBXBuildFile; fileRef = 345EB44120AD30880035E733 /* iOSPrinciple_weakUITests.m */; };
		345EB45120AD57880035E733 /* PushViewController.m in Sources */ = {isa = PBXBuildFile; fileRef = 345EB45020AD57880035E733 /* PushViewController.m */; };
		345EB45420AD5AA10035E733 /* TestView.m in Sources */ = {isa = PBXBuildFile; fileRef = 345EB45320AD5AA10035E733 /* TestView.m */; };
/* End PBXBuildFile section */

/* Begin PBXContainerItemProxy section */
		345EB43320AD30880035E733 /* PBXContainerItemProxy */ = {
			isa = PBXContainerItemProxy;
			containerPortal = 345EB41220AD307A0035E733 /* Project object */;
			proxyType = 1;
			remoteGlobalIDString = 345EB41920AD307A0035E733;
			remoteInfo = iOSPrinciple_weak;
		};
		345EB43E20AD30880035E733 /* PBXContainerItemProxy */ = {
			isa = PBXContainerItemProxy;
			containerPortal = 345EB41220AD307A0035E733 /* Project object */;
			proxyType = 1;
			remoteGlobalIDString = 345EB41920AD307A0035E733;
			remoteInfo = iOSPrinciple_weak;
		};
/* End PBXContainerItemProxy section */

/* Begin PBXFileReference section */
		345EB41A20AD307A0035E733 /* iOSPrinciple_weak.app */ = {isa = PBXFileReference; explicitFileType = wrapper.application; includeInIndex = 0; path = iOSPrinciple_weak.app; sourceTree = BUILT_PRODUCTS_DIR; };
		345EB41D20AD307A0035E733 /* AppDelegate.h */ = {isa = PBXFileReference; lastKnownFileType = sourcecode.c.h; path = AppDelegate.h; sourceTree = "<group>"; };
		345EB41E20AD307A0035E733 /* AppDelegate.m */ = {isa = PBXFileReference; lastKnownFileType = sourcecode.c.objc; path = AppDelegate.m; sourceTree = "<group>"; };
		345EB42020AD307A0035E733 /* ViewController.h */ = {isa = PBXFileReference; lastKnownFileType = sourcecode.c.h; path = ViewController.h; sourceTree = "<group>"; };
		345EB42120AD307A0035E733 /* ViewController.m */ = {isa = PBXFileReference; lastKnownFileType = sourcecode.c.objc; path = ViewController.m; sourceTree = "<group>"; };
		345EB42420AD307A0035E733 /* Base */ = {isa = PBXFileReference; lastKnownFileType = file.storyboard; name = Base; path = Base.lproj/Main.storyboard; sourceTree = "<group>"; };
		345EB42620AD30840035E733 /* Assets.xcassets */ = {isa = PBXFileReference; lastKnownFileType = folder.assetcatalog; path = Assets.xcassets; sourceTree = "<group>"; };
		345EB42920AD30840035E733 /* Base */ = {isa = PBXFileReference; lastKnownFileType = file.storyboard; name = Base; path = Base.lproj/LaunchScreen.storyboard; sourceTree = "<group>"; };
		345EB42B20AD30840035E733 /* Info.plist */ = {isa = PBXFileReference; lastKnownFileType = text.plist.xml; path = Info.plist; sourceTree = "<group>"; };
		345EB42C20AD30840035E733 /* main.m */ = {isa = PBXFileReference; lastKnownFileType = sourcecode.c.objc; path = main.m; sourceTree = "<group>"; };
		345EB43220AD30880035E733 /* iOSPrinciple_weakTests.xctest */ = {isa = PBXFileReference; explicitFileType = wrapper.cfbundle; includeInIndex = 0; path = iOSPrinciple_weakTests.xctest; sourceTree = BUILT_PRODUCTS_DIR; };
		345EB43620AD30880035E733 /* iOSPrinciple_weakTests.m */ = {isa = PBXFileReference; lastKnownFileType = sourcecode.c.objc; path = iOSPrinciple_weakTests.m; sourceTree = "<group>"; };
		345EB43820AD30880035E733 /* Info.plist */ = {isa = PBXFileReference; lastKnownFileType = text.plist.xml; path = Info.plist; sourceTree = "<group>"; };
		345EB43D20AD30880035E733 /* iOSPrinciple_weakUITests.xctest */ = {isa = PBXFileReference; explicitFileType = wrapper.cfbundle; includeInIndex = 0; path = iOSPrinciple_weakUITests.xctest; sourceTree = BUILT_PRODUCTS_DIR; };
		345EB44120AD30880035E733 /* iOSPrinciple_weakUITests.m */ = {isa = PBXFileReference; lastKnownFileType = sourcecode.c.objc; path = iOSPrinciple_weakUITests.m; sourceTree = "<group>"; };
		345EB44320AD30880035E733 /* Info.plist */ = {isa = PBXFileReference; lastKnownFileType = text.plist.xml; path = Info.plist; sourceTree = "<group>"; };
		345EB44F20AD57880035E733 /* PushViewController.h */ = {isa = PBXFileReference; lastKnownFileType = sourcecode.c.h; path = PushViewController.h; sourceTree = "<group>"; };
		345EB45020AD57880035E733 /* PushViewController.m */ = {isa = PBXFileReference; lastKnownFileType = sourcecode.c.objc; path = PushViewController.m; sourceTree = "<group>"; };
		345EB45220AD5AA00035E733 /* TestView.h */ = {isa = PBXFileReference; lastKnownFileType = sourcecode.c.h; path = TestView.h; sourceTree = "<group>"; };
		345EB45320AD5AA10035E733 /* TestView.m */ = {isa = PBXFileReference; lastKnownFileType = sourcecode.c.objc; path = TestView.m; sourceTree = "<group>"; };
/* End PBXFileReference section */

/* Begin PBXFrameworksBuildPhase section */
		345EB41720AD307A0035E733 /* Frameworks */ = {
			isa = PBXFrameworksBuildPhase;
			buildActionMask = 2147483647;
			files = (
			);
			runOnlyForDeploymentPostprocessing = 0;
		};
		345EB42F20AD30880035E733 /* Frameworks */ = {
			isa = PBXFrameworksBuildPhase;
			buildActionMask = 2147483647;
			files = (
			);
			runOnlyForDeploymentPostprocessing = 0;
		};
		345EB43A20AD30880035E733 /* Frameworks */ = {
			isa = PBXFrameworksBuildPhase;
			buildActionMask = 2147483647;
			files = (
			);
			runOnlyForDeploymentPostprocessing = 0;
		};
/* End PBXFrameworksBuildPhase section */

/* Begin PBXGroup section */
		345EB41120AD307A0035E733 = {
			isa = PBXGroup;
			children = (
				345EB41C20AD307A0035E733 /* iOSPrinciple_weak */,
				345EB43520AD30880035E733 /* iOSPrinciple_weakTests */,
				345EB44020AD30880035E733 /* iOSPrinciple_weakUITests */,
				345EB41B20AD307A0035E733 /* Products */,
			);
			sourceTree = "<group>";
		};
		345EB41B20AD307A0035E733 /* Products */ = {
			isa = PBXGroup;
			children = (
				345EB41A20AD307A0035E733 /* iOSPrinciple_weak.app */,
				345EB43220AD30880035E733 /* iOSPrinciple_weakTests.xctest */,
				345EB43D20AD30880035E733 /* iOSPrinciple_weakUITests.xctest */,
			);
			name = Products;
			sourceTree = "<group>";
		};
		345EB41C20AD307A0035E733 /* iOSPrinciple_weak */ = {
			isa = PBXGroup;
			children = (
				345EB41D20AD307A0035E733 /* AppDelegate.h */,
				345EB41E20AD307A0035E733 /* AppDelegate.m */,
				345EB42020AD307A0035E733 /* ViewController.h */,
				345EB42120AD307A0035E733 /* ViewController.m */,
				345EB44F20AD57880035E733 /* PushViewController.h */,
				345EB45020AD57880035E733 /* PushViewController.m */,
				345EB45220AD5AA00035E733 /* TestView.h */,
				345EB45320AD5AA10035E733 /* TestView.m */,
				345EB42320AD307A0035E733 /* Main.storyboard */,
				345EB42620AD30840035E733 /* Assets.xcassets */,
				345EB42820AD30840035E733 /* LaunchScreen.storyboard */,
				345EB42B20AD30840035E733 /* Info.plist */,
				345EB42C20AD30840035E733 /* main.m */,
			);
			path = iOSPrinciple_weak;
			sourceTree = "<group>";
		};
		345EB43520AD30880035E733 /* iOSPrinciple_weakTests */ = {
			isa = PBXGroup;
			children = (
				345EB43620AD30880035E733 /* iOSPrinciple_weakTests.m */,
				345EB43820AD30880035E733 /* Info.plist */,
			);
			path = iOSPrinciple_weakTests;
			sourceTree = "<group>";
		};
		345EB44020AD30880035E733 /* iOSPrinciple_weakUITests */ = {
			isa = PBXGroup;
			children = (
				345EB44120AD30880035E733 /* iOSPrinciple_weakUITests.m */,
				345EB44320AD30880035E733 /* Info.plist */,
			);
			path = iOSPrinciple_weakUITests;
			sourceTree = "<group>";
		};
/* End PBXGroup section */

/* Begin PBXNativeTarget section */
		345EB41920AD307A0035E733 /* iOSPrinciple_weak */ = {
			isa = PBXNativeTarget;
			buildConfigurationList = 345EB44620AD30880035E733 /* Build configuration list for PBXNativeTarget "iOSPrinciple_weak" */;
			buildPhases = (
				345EB41620AD307A0035E733 /* Sources */,
				345EB41720AD307A0035E733 /* Frameworks */,
				345EB41820AD307A0035E733 /* Resources */,
			);
			buildRules = (
			);
			dependencies = (
			);
			name = iOSPrinciple_weak;
			productName = iOSPrinciple_weak;
			productReference = 345EB41A20AD307A0035E733 /* iOSPrinciple_weak.app */;
			productType = "com.apple.product-type.application";
		};
		345EB43120AD30880035E733 /* iOSPrinciple_weakTests */ = {
			isa = PBXNativeTarget;
			buildConfigurationList = 345EB44920AD30880035E733 /* Build configuration list for PBXNativeTarget "iOSPrinciple_weakTests" */;
			buildPhases = (
				345EB42E20AD30880035E733 /* Sources */,
				345EB42F20AD30880035E733 /* Frameworks */,
				345EB43020AD30880035E733 /* Resources */,
			);
			buildRules = (
			);
			dependencies = (
				345EB43420AD30880035E733 /* PBXTargetDependency */,
			);
			name = iOSPrinciple_weakTests;
			productName = iOSPrinciple_weakTests;
			productReference = 345EB43220AD30880035E733 /* iOSPrinciple_weakTests.xctest */;
			productType = "com.apple.product-type.bundle.unit-test";
		};
		345EB43C20AD30880035E733 /* iOSPrinciple_weakUITests */ = {
			isa = PBXNativeTarget;
			buildConfigurationList = 345EB44C20AD30880035E733 /* Build configuration list for PBXNativeTarget "iOSPrinciple_weakUITests" */;
			buildPhases = (
				345EB43920AD30880035E733 /* Sources */,
				345EB43A20AD30880035E733 /* Frameworks */,
				345EB43B20AD30880035E733 /* Resources */,
			);
			buildRules = (
			);
			dependencies = (
				345EB43F20AD30880035E733 /* PBXTargetDependency */,
			);
			name = iOSPrinciple_weakUITests;
			productName = iOSPrinciple_weakUITests;
			productReference = 345EB43D20AD30880035E733 /* iOSPrinciple_weakUITests.xctest */;
			productType = "com.apple.product-type.bundle.ui-testing";
		};
/* End PBXNativeTarget section */

/* Begin PBXProject section */
		345EB41220AD307A0035E733 /* Project object */ = {
			isa = PBXProject;
			attributes = {
				LastUpgradeCheck = 0930;
				ORGANIZATIONNAME = WhatsXie;
				TargetAttributes = {
					345EB41920AD307A0035E733 = {
						CreatedOnToolsVersion = 9.3;
					};
					345EB43120AD30880035E733 = {
						CreatedOnToolsVersion = 9.3;
						TestTargetID = 345EB41920AD307A0035E733;
					};
					345EB43C20AD30880035E733 = {
						CreatedOnToolsVersion = 9.3;
						TestTargetID = 345EB41920AD307A0035E733;
					};
				};
			};
			buildConfigurationList = 345EB41520AD307A0035E733 /* Build configuration list for PBXProject "iOSPrinciple_weak" */;
			compatibilityVersion = "Xcode 9.3";
			developmentRegion = en;
			hasScannedForEncodings = 0;
			knownRegions = (
				en,
				Base,
			);
			mainGroup = 345EB41120AD307A0035E733;
			productRefGroup = 345EB41B20AD307A0035E733 /* Products */;
			projectDirPath = "";
			projectRoot = "";
			targets = (
				345EB41920AD307A0035E733 /* iOSPrinciple_weak */,
				345EB43120AD30880035E733 /* iOSPrinciple_weakTests */,
				345EB43C20AD30880035E733 /* iOSPrinciple_weakUITests */,
			);
		};
/* End PBXProject section */

/* Begin PBXResourcesBuildPhase section */
		345EB41820AD307A0035E733 /* Resources */ = {
			isa = PBXResourcesBuildPhase;
			buildActionMask = 2147483647;
			files = (
				345EB42A20AD30840035E733 /* LaunchScreen.storyboard in Resources */,
				345EB42720AD30840035E733 /* Assets.xcassets in Resources */,
				345EB42520AD307A0035E733 /* Main.storyboard in Resources */,
			);
			runOnlyForDeploymentPostprocessing = 0;
		};
		345EB43020AD30880035E733 /* Resources */ = {
			isa = PBXResourcesBuildPhase;
			buildActionMask = 2147483647;
			files = (
			);
			runOnlyForDeploymentPostprocessing = 0;
		};
		345EB43B20AD30880035E733 /* Resources */ = {
			isa = PBXResourcesBuildPhase;
			buildActionMask = 2147483647;
			files = (
			);
			runOnlyForDeploymentPostprocessing = 0;
		};
/* End PBXResourcesBuildPhase section */

/* Begin PBXSourcesBuildPhase section */
		345EB41620AD307A0035E733 /* Sources */ = {
			isa = PBXSourcesBuildPhase;
			buildActionMask = 2147483647;
			files = (
				345EB42220AD307A0035E733 /* ViewController.m in Sources */,
				345EB42D20AD30840035E733 /* main.m in Sources */,
				345EB45420AD5AA10035E733 /* TestView.m in Sources */,
				345EB45120AD57880035E733 /* PushViewController.m in Sources */,
				345EB41F20AD307A0035E733 /* AppDelegate.m in Sources */,
			);
			runOnlyForDeploymentPostprocessing = 0;
		};
		345EB42E20AD30880035E733 /* Sources */ = {
			isa = PBXSourcesBuildPhase;
			buildActionMask = 2147483647;
			files = (
				345EB43720AD30880035E733 /* iOSPrinciple_weakTests.m in Sources */,
			);
			runOnlyForDeploymentPostprocessing = 0;
		};
		345EB43920AD30880035E733 /* Sources */ = {
			isa = PBXSourcesBuildPhase;
			buildActionMask = 2147483647;
			files = (
				345EB44220AD30880035E733 /* iOSPrinciple_weakUITests.m in Sources */,
			);
			runOnlyForDeploymentPostprocessing = 0;
		};
/* End PBXSourcesBuildPhase section */

/* Begin PBXTargetDependency section */
		345EB43420AD30880035E733 /* PBXTargetDependency */ = {
			isa = PBXTargetDependency;
			target = 345EB41920AD307A0035E733 /* iOSPrinciple_weak */;
			targetProxy = 345EB43320AD30880035E733 /* PBXContainerItemProxy */;
		};
		345EB43F20AD30880035E733 /* PBXTargetDependency */ = {
			isa = PBXTargetDependency;
			target = 345EB41920AD307A0035E733 /* iOSPrinciple_weak */;
			targetProxy = 345EB43E20AD30880035E733 /* PBXContainerItemProxy */;
		};
/* End PBXTargetDependency section */

/* Begin PBXVariantGroup section */
		345EB42320AD307A0035E733 /* Main.storyboard */ = {
			isa = PBXVariantGroup;
			children = (
				345EB42420AD307A0035E733 /* Base */,
			);
			name = Main.storyboard;
			sourceTree = "<group>";
		};
		345EB42820AD30840035E733 /* LaunchScreen.storyboard */ = {
			isa = PBXVariantGroup;
			children = (
				345EB42920AD30840035E733 /* Base */,
			);
			name = LaunchScreen.storyboard;
			sourceTree = "<group>";
		};
/* End PBXVariantGroup section */

/* Begin XCBuildConfiguration section */
		345EB44420AD30880035E733 /* Debug */ = {
			isa = XCBuildConfiguration;
			buildSettings = {
				ALWAYS_SEARCH_USER_PATHS = NO;
				CLANG_ANALYZER_NONNULL = YES;
				CLANG_ANALYZER_NUMBER_OBJECT_CONVERSION = YES_AGGRESSIVE;
				CLANG_CXX_LANGUAGE_STANDARD = "gnu++14";
				CLANG_CXX_LIBRARY = "libc++";
				CLANG_ENABLE_MODULES = YES;
				CLANG_ENABLE_OBJC_ARC = YES;
				CLANG_ENABLE_OBJC_WEAK = YES;
				CLANG_WARN_BLOCK_CAPTURE_AUTORELEASING = YES;
				CLANG_WARN_BOOL_CONVERSION = YES;
				CLANG_WARN_COMMA = YES;
				CLANG_WARN_CONSTANT_CONVERSION = YES;
				CLANG_WARN_DEPRECATED_OBJC_IMPLEMENTATIONS = YES;
				CLANG_WARN_DIRECT_OBJC_ISA_USAGE = YES_ERROR;
				CLANG_WARN_DOCUMENTATION_COMMENTS = YES;
				CLANG_WARN_EMPTY_BODY = YES;
				CLANG_WARN_ENUM_CONVERSION = YES;
				CLANG_WARN_INFINITE_RECURSION = YES;
				CLANG_WARN_INT_CONVERSION = YES;
				CLANG_WARN_NON_LITERAL_NULL_CONVERSION = YES;
				CLANG_WARN_OBJC_IMPLICIT_RETAIN_SELF = YES;
				CLANG_WARN_OBJC_LITERAL_CONVERSION = YES;
				CLANG_WARN_OBJC_ROOT_CLASS = YES_ERROR;
				CLANG_WARN_RANGE_LOOP_ANALYSIS = YES;
				CLANG_WARN_STRICT_PROTOTYPES = YES;
				CLANG_WARN_SUSPICIOUS_MOVE = YES;
				CLANG_WARN_UNGUARDED_AVAILABILITY = YES_AGGRESSIVE;
				CLANG_WARN_UNREACHABLE_CODE = YES;
				CLANG_WARN__DUPLICATE_METHOD_MATCH = YES;
				CODE_SIGN_IDENTITY = "iPhone Developer";
				COPY_PHASE_STRIP = NO;
				DEBUG_INFORMATION_FORMAT = dwarf;
				ENABLE_STRICT_OBJC_MSGSEND = YES;
				ENABLE_TESTABILITY = YES;
				GCC_C_LANGUAGE_STANDARD = gnu11;
				GCC_DYNAMIC_NO_PIC = NO;
				GCC_NO_COMMON_BLOCKS = YES;
				GCC_OPTIMIZATION_LEVEL = 0;
				GCC_PREPROCESSOR_DEFINITIONS = (
					"DEBUG=1",
					"$(inherited)",
				);
				GCC_WARN_64_TO_32_BIT_CONVERSION = YES;
				GCC_WARN_ABOUT_RETURN_TYPE = YES_ERROR;
				GCC_WARN_UNDECLARED_SELECTOR = YES;
				GCC_WARN_UNINITIALIZED_AUTOS = YES_AGGRESSIVE;
				GCC_WARN_UNUSED_FUNCTION = YES;
				GCC_WARN_UNUSED_VARIABLE = YES;
				IPHONEOS_DEPLOYMENT_TARGET = 11.3;
				MTL_ENABLE_DEBUG_INFO = YES;
				ONLY_ACTIVE_ARCH = YES;
				SDKROOT = iphoneos;
			};
			name = Debug;
		};
		345EB44520AD30880035E733 /* Release */ = {
			isa = XCBuildConfiguration;
			buildSettings = {
				ALWAYS_SEARCH_USER_PATHS = NO;
				CLANG_ANALYZER_NONNULL = YES;
				CLANG_ANALYZER_NUMBER_OBJECT_CONVERSION = YES_AGGRESSIVE;
				CLANG_CXX_LANGUAGE_STANDARD = "gnu++14";
				CLANG_CXX_LIBRARY = "libc++";
				CLANG_ENABLE_MODULES = YES;
				CLANG_ENABLE_OBJC_ARC = YES;
				CLANG_ENABLE_OBJC_WEAK = YES;
				CLANG_WARN_BLOCK_CAPTURE_AUTORELEASING = YES;
				CLANG_WARN_BOOL_CONVERSION = YES;
				CLANG_WARN_COMMA = YES;
				CLANG_WARN_CONSTANT_CONVERSION = YES;
				CLANG_WARN_DEPRECATED_OBJC_IMPLEMENTATIONS = YES;
				CLANG_WARN_DIRECT_OBJC_ISA_USAGE = YES_ERROR;
				CLANG_WARN_DOCUMENTATION_COMMENTS = YES;
				CLANG_WARN_EMPTY_BODY = YES;
				CLANG_WARN_ENUM_CONVERSION = YES;
				CLANG_WARN_INFINITE_RECURSION = YES;
				CLANG_WARN_INT_CONVERSION = YES;
				CLANG_WARN_NON_LITERAL_NULL_CONVERSION = YES;
				CLANG_WARN_OBJC_IMPLICIT_RETAIN_SELF = YES;
				CLANG_WARN_OBJC_LITERAL_CONVERSION = YES;
				CLANG_WARN_OBJC_ROOT_CLASS = YES_ERROR;
				CLANG_WARN_RANGE_LOOP_ANALYSIS = YES;
				CLANG_WARN_STRICT_PROTOTYPES = YES;
				CLANG_WARN_SUSPICIOUS_MOVE = YES;
				CLANG_WARN_UNGUARDED_AVAILABILITY = YES_AGGRESSIVE;
				CLANG_WARN_UNREACHABLE_CODE = YES;
				CLANG_WARN__DUPLICATE_METHOD_MATCH = YES;
				CODE_SIGN_IDENTITY = "iPhone Developer";
				COPY_PHASE_STRIP = NO;
				DEBUG_INFORMATION_FORMAT = "dwarf-with-dsym";
				ENABLE_NS_ASSERTIONS = NO;
				ENABLE_STRICT_OBJC_MSGSEND = YES;
				GCC_C_LANGUAGE_STANDARD = gnu11;
				GCC_NO_COMMON_BLOCKS = YES;
				GCC_WARN_64_TO_32_BIT_CONVERSION = YES;
				GCC_WARN_ABOUT_RETURN_TYPE = YES_ERROR;
				GCC_WARN_UNDECLARED_SELECTOR = YES;
				GCC_WARN_UNINITIALIZED_AUTOS = YES_AGGRESSIVE;
				GCC_WARN_UNUSED_FUNCTION = YES;
				GCC_WARN_UNUSED_VARIABLE = YES;
				IPHONEOS_DEPLOYMENT_TARGET = 11.3;
				MTL_ENABLE_DEBUG_INFO = NO;
				SDKROOT = iphoneos;
				VALIDATE_PRODUCT = YES;
			};
			name = Release;
		};
		345EB44720AD30880035E733 /* Debug */ = {
			isa = XCBuildConfiguration;
			buildSettings = {
				ASSETCATALOG_COMPILER_APPICON_NAME = AppIcon;
				CODE_SIGN_STYLE = Automatic;
				INFOPLIST_FILE = iOSPrinciple_weak/Info.plist;
				LD_RUNPATH_SEARCH_PATHS = (
					"$(inherited)",
					"@executable_path/Frameworks",
				);
				PRODUCT_BUNDLE_IDENTIFIER = "R.S..iOSPrinciple-weak";
				PRODUCT_NAME = "$(TARGET_NAME)";
				TARGETED_DEVICE_FAMILY = "1,2";
			};
			name = Debug;
		};
		345EB44820AD30880035E733 /* Release */ = {
			isa = XCBuildConfiguration;
			buildSettings = {
				ASSETCATALOG_COMPILER_APPICON_NAME = AppIcon;
				CODE_SIGN_STYLE = Automatic;
				INFOPLIST_FILE = iOSPrinciple_weak/Info.plist;
				LD_RUNPATH_SEARCH_PATHS = (
					"$(inherited)",
					"@executable_path/Frameworks",
				);
				PRODUCT_BUNDLE_IDENTIFIER = "R.S..iOSPrinciple-weak";
				PRODUCT_NAME = "$(TARGET_NAME)";
				TARGETED_DEVICE_FAMILY = "1,2";
			};
			name = Release;
		};
		345EB44A20AD30880035E733 /* Debug */ = {
			isa = XCBuildConfiguration;
			buildSettings = {
				BUNDLE_LOADER = "$(TEST_HOST)";
				CODE_SIGN_STYLE = Automatic;
				INFOPLIST_FILE = iOSPrinciple_weakTests/Info.plist;
				LD_RUNPATH_SEARCH_PATHS = (
					"$(inherited)",
					"@executable_path/Frameworks",
					"@loader_path/Frameworks",
				);
				PRODUCT_BUNDLE_IDENTIFIER = "R.S..iOSPrinciple-weakTests";
				PRODUCT_NAME = "$(TARGET_NAME)";
				TARGETED_DEVICE_FAMILY = "1,2";
				TEST_HOST = "$(BUILT_PRODUCTS_DIR)/iOSPrinciple_weak.app/iOSPrinciple_weak";
			};
			name = Debug;
		};
		345EB44B20AD30880035E733 /* Release */ = {
			isa = XCBuildConfiguration;
			buildSettings = {
				BUNDLE_LOADER = "$(TEST_HOST)";
				CODE_SIGN_STYLE = Automatic;
				INFOPLIST_FILE = iOSPrinciple_weakTests/Info.plist;
				LD_RUNPATH_SEARCH_PATHS = (
					"$(inherited)",
					"@executable_path/Frameworks",
					"@loader_path/Frameworks",
				);
				PRODUCT_BUNDLE_IDENTIFIER = "R.S..iOSPrinciple-weakTests";
				PRODUCT_NAME = "$(TARGET_NAME)";
				TARGETED_DEVICE_FAMILY = "1,2";
				TEST_HOST = "$(BUILT_PRODUCTS_DIR)/iOSPrinciple_weak.app/iOSPrinciple_weak";
			};
			name = Release;
		};
		345EB44D20AD30880035E733 /* Debug */ = {
			isa = XCBuildConfiguration;
			buildSettings = {
				CODE_SIGN_STYLE = Automatic;
				INFOPLIST_FILE = iOSPrinciple_weakUITests/Info.plist;
				LD_RUNPATH_SEARCH_PATHS = (
					"$(inherited)",
					"@executable_path/Frameworks",
					"@loader_path/Frameworks",
				);
				PRODUCT_BUNDLE_IDENTIFIER = "R.S..iOSPrinciple-weakUITests";
				PRODUCT_NAME = "$(TARGET_NAME)";
				TARGETED_DEVICE_FAMILY = "1,2";
				TEST_TARGET_NAME = iOSPrinciple_weak;
			};
			name = Debug;
		};
		345EB44E20AD30880035E733 /* Release */ = {
			isa = XCBuildConfiguration;
			buildSettings = {
				CODE_SIGN_STYLE = Automatic;
				INFOPLIST_FILE = iOSPrinciple_weakUITests/Info.plist;
				LD_RUNPATH_SEARCH_PATHS = (
					"$(inherited)",
					"@executable_path/Frameworks",
					"@loader_path/Frameworks",
				);
				PRODUCT_BUNDLE_IDENTIFIER = "R.S..iOSPrinciple-weakUITests";
				PRODUCT_NAME = "$(TARGET_NAME)";
				TARGETED_DEVICE_FAMILY = "1,2";
				TEST_TARGET_NAME = iOSPrinciple_weak;
			};
			name = Release;
		};
/* End XCBuildConfiguration section */

/* Begin XCConfigurationList section */
		345EB41520AD307A0035E733 /* Build configuration list for PBXProject "iOSPrinciple_weak" */ = {
			isa = XCConfigurationList;
			buildConfigurations = (
				345EB44420AD30880035E733 /* Debug */,
				345EB44520AD30880035E733 /* Release */,
			);
			defaultConfigurationIsVisible = 0;
			defaultConfigurationName = Release;
		};
		345EB44620AD30880035E733 /* Build configuration list for PBXNativeTarget "iOSPrinciple_weak" */ = {
			isa = XCConfigurationList;
			buildConfigurations = (
				345EB44720AD30880035E733 /* Debug */,
				345EB44820AD30880035E733 /* Release */,
			);
			defaultConfigurationIsVisible = 0;
			defaultConfigurationName = Release;
		};
		345EB44920AD30880035E733 /* Build configuration list for PBXNativeTarget "iOSPrinciple_weakTests" */ = {
			isa = XCConfigurationList;
			buildConfigurations = (
				345EB44A20AD30880035E733 /* Debug */,
				345EB44B20AD30880035E733 /* Release */,
			);
			defaultConfigurationIsVisible = 0;
			defaultConfigurationName = Release;
		};
		345EB44C20AD30880035E733 /* Build configuration list for PBXNativeTarget "iOSPrinciple_weakUITests" */ = {
			isa = XCConfigurationList;
			buildConfigurations = (
				345EB44D20AD30880035E733 /* Debug */,
				345EB44E20AD30880035E733 /* Release */,
			);
			defaultConfigurationIsVisible = 0;
			defaultConfigurationName = Release;
		};
/* End XCConfigurationList section */
	};
	rootObject = 345EB41220AD307A0035E733 /* Project object */;
}
